
Microsoft Visual Studio Solution File, Format Version 12.00
# Visual Studio Version 17
VisualStudioVersion = 17.8.34330.188
MinimumVisualStudioVersion = 10.0.40219.1
Project("{FAE04EC0-301F-11D3-BF4B-00C04F79EFBC}") = "ej", "ej\ej.csproj", "{65B3B43B-D84B-4220-A5C0-2B50FFF84F3A}"
EndProject
Global
	GlobalSection(SolutionConfigurationPlatforms) = preSolution
		Debug|Any CPU = Debug|Any CPU
		Release|Any CPU = Release|Any CPU
	EndGlobalSection
	GlobalSection(ProjectConfigurationPlatforms) = postSolution
		{65B3B43B-D84B-4220-A5C0-2B50FFF84F3A}.Debug|Any CPU.ActiveCfg = Debug|Any CPU
		{65B3B43B-D84B-4220-A5C0-2B50FFF84F3A}.Debug|Any CPU.Build.0 = Debug|Any CPU
		{65B3B43B-D84B-4220-A5C0-2B50FFF84F3A}.Release|Any CPU.ActiveCfg = Release|Any CPU
		{65B3B43B-D84B-4220-A5C0-2B50FFF84F3A}.Release|Any CPU.Build.0 = Release|Any CPU
	EndGlobalSection
	GlobalSection(SolutionProperties) = preSolution
		HideSolutionNode = FALSE
	EndGlobalSection
	GlobalSection(ExtensibilityGlobals) = postSolution
		SolutionGuid = {AD251EBF-DF6D-49A7-A1B6-578CB69BADDE}
	EndGlobalSection
EndGlobal
